# THIS IS AN AUTOGENERATED FILE. DO NOT EDIT THIS FILE DIRECTLY.
# yarn lockfile v1


"@types/node@^14.0.5":
  version "14.0.5"
  resolved "https://registry.yarnpkg.com/@types/node/-/node-14.0.5.tgz#3d03acd3b3414cf67faf999aed11682ed121f22b"
  integrity sha512-90hiq6/VqtQgX8Sp0EzeIsv3r+ellbGj4URKj5j30tLlZvRUpnAe9YbYnjl3pJM93GyXU0tghHhvXHq+5rnCKA==

alan-compile@./compiler:
  version "0.0.1"
  dependencies:
    "@types/node" "^14.0.5"
    alan-js-runtime "git+ssh://git@github.com:alantech/js-runtime"
    antlr4 "^4.8.0"
    commander "^5.1.0"
    uuid "^8.0.0"

alan-js-runtime@./js-runtime:
  version "0.0.1"

"alan-js-runtime@git+ssh://git@github.com:alantech/js-runtime":
  version "0.0.1"
  resolved "git+ssh://git@github.com:alantech/js-runtime#fe96ff5c5344893d1032c6ca94703d2558bb7016"

antlr4@^4.8.0:
  version "4.8.0"
  resolved "https://registry.yarnpkg.com/antlr4/-/antlr4-4.8.0.tgz#f938ec171be7fc2855cd3a533e87647185b32b6a"
  integrity sha512-en/MxQ4OkPgGJQ3wD/muzj1uDnFSzdFIhc2+c6bHZokWkuBb6RRvFjpWhPxWLbgQvaEzldJZ0GSQpfSAaE3hqg==

commander@^5.1.0:
  version "5.1.0"
  resolved "https://registry.yarnpkg.com/commander/-/commander-5.1.0.tgz#46abbd1652f8e059bddaef99bbdcb2ad9cf179ae"
  integrity sha512-P0CysNDQ7rtVw4QIQtm+MRxV66vKFSvlsQvGYXZWR3qFU0jlMKHZZZgw8e+8DSah4UDKMqnknRDQz+xuQXQ/Zg==

uuid@^8.0.0:
  version "8.1.0"
  resolved "https://registry.yarnpkg.com/uuid/-/uuid-8.1.0.tgz#6f1536eb43249f473abc6bd58ff983da1ca30d8d"
  integrity sha512-CI18flHDznR0lq54xBycOVmphdCYnQLKn8abKn7PXUiKUGdEd+/l9LWNJmugXel4hXq7S+RMNl34ecyC9TntWg==
