{
  "name": "anycloud",
  "version": "0.1.41",
  "lockfileVersion": 1,
  "requires": true,
  "dependencies": {
    "@types/node": {
      "version": "14.17.1",
      "resolved": "https://registry.npmjs.org/@types/node/-/node-14.17.1.tgz",
      "integrity": "sha512-/tpUyFD7meeooTRwl3sYlihx2BrJE7q9XF71EguPFIySj9B7qgnRtHsHTho+0AUm4m1SvWGm6uSncrR94q6Vtw=="
    },
    "alan-js-runtime": {
      "version": "file:../../js-runtime",
      "requires": {
        "cross-fetch": "^3.0.6",
        "xxhashjs": "^0.2.2"
      },
      "dependencies": {
        "cross-fetch": {
          "version": "3.0.6",
          "resolved": "https://registry.npmjs.org/cross-fetch/-/cross-fetch-3.0.6.tgz",
          "integrity": "sha512-KBPUbqgFjzWlVcURG+Svp9TlhA5uliYtiNx/0r8nv0pdypeQCRJ9IaSIc3q/x3q8t3F75cHuwxVql1HFGHCNJQ==",
          "requires": {
            "node-fetch": "2.6.1"
          }
        },
        "cuint": {
          "version": "0.2.2",
          "resolved": "https://registry.npmjs.org/cuint/-/cuint-0.2.2.tgz",
          "integrity": "sha1-QICG1AlVDCYxFVYZ6fp7ytw7mRs="
        },
        "node-fetch": {
          "version": "2.6.1",
          "resolved": "https://registry.npmjs.org/node-fetch/-/node-fetch-2.6.1.tgz",
          "integrity": "sha512-V4aYg89jEoVRxRb2fJdAg8FHvI7cEyYdVAh94HH0UIK8oJxUfkjlDQN9RbMx+bEjP7+ggMiFRprSti032Oipxw=="
        },
        "xxhashjs": {
          "version": "0.2.2",
          "resolved": "https://registry.npmjs.org/xxhashjs/-/xxhashjs-0.2.2.tgz",
          "integrity": "sha512-AkTuIuVTET12tpsVIQo+ZU6f/qDmKuRUcjaqR+OIvm+aCBsZ95i7UVY5WJ9TMsSaZ0DA2WxoZ4acu0sPH+OKAw==",
          "requires": {
            "cuint": "^0.2.2"
          }
        }
      }
    },
    "typescript": {
      "version": "4.3.2",
      "resolved": "https://registry.npmjs.org/typescript/-/typescript-4.3.2.tgz",
      "integrity": "sha512-zZ4hShnmnoVnAHpVHWpTcxdv7dWP60S2FsydQLV8V5PbS3FifjWFFRiHSWpDJahly88PRyV5teTSLoq4eG7mKw==",
      "dev": true
    }
  }
}
