# This file is automatically @generated by Cargo.
# It is not intended for manual editing.
[[package]]
name = "ahash"
version = "0.3.8"
source = "registry+https://github.com/rust-lang/crates.io-index"
checksum = "e8fd72866655d1904d6b0997d0b07ba561047d070fbe29de039031c641b61217"
dependencies = [
 "const-random",
]

[[package]]
name = "aho-corasick"
version = "0.7.10"
source = "registry+https://github.com/rust-lang/crates.io-index"
checksum = "8716408b8bc624ed7f65d223ddb9ac2d044c0547b6fa4b0d554f3a9540496ada"
dependencies = [
 "memchr",
]

[[package]]
name = "alan"
version = "0.1.23"
dependencies = [
 "byteorder",
 "clap",
 "dashmap",
 "futures",
 "hyper",
 "num_cpus",
 "once_cell",
 "rand",
 "regex",
 "serde_json",
 "tokio",
 "twox-hash",
]

[[package]]
name = "ansi_term"
version = "0.11.0"
source = "registry+https://github.com/rust-lang/crates.io-index"
checksum = "ee49baf6cb617b853aa8d93bf420db2383fab46d314482ca2803b40d5fde979b"
dependencies = [
 "winapi 0.3.8",
]

[[package]]
name = "atty"
version = "0.2.14"
source = "registry+https://github.com/rust-lang/crates.io-index"
checksum = "d9b39be18770d11421cdb1b9947a45dd3f37e93092cbf377614828a319d5fee8"
dependencies = [
 "hermit-abi",
 "libc",
 "winapi 0.3.8",
]

[[package]]
name = "autocfg"
version = "1.0.0"
source = "registry+https://github.com/rust-lang/crates.io-index"
checksum = "f8aac770f1885fd7e387acedd76065302551364496e46b3dd00860b2f8359b9d"

[[package]]
name = "bitflags"
version = "1.2.1"
source = "registry+https://github.com/rust-lang/crates.io-index"
checksum = "cf1de2fe8c75bc145a2f577add951f8134889b4795d47466a54a5c846d691693"

[[package]]
name = "byteorder"
version = "1.3.4"
source = "registry+https://github.com/rust-lang/crates.io-index"
checksum = "08c48aae112d48ed9f069b33538ea9e3e90aa263cfa3d1c24309612b1f7472de"

[[package]]
name = "bytes"
version = "0.5.4"
source = "registry+https://github.com/rust-lang/crates.io-index"
checksum = "130aac562c0dd69c56b3b1cc8ffd2e17be31d0b6c25b61c96b76231aa23e39e1"

[[package]]
name = "cfg-if"
version = "0.1.10"
source = "registry+https://github.com/rust-lang/crates.io-index"
checksum = "4785bdd1c96b2a846b2bd7cc02e86b6b3dbf14e7e53446c4f54c92a361040822"

[[package]]
name = "clap"
version = "2.33.1"
source = "registry+https://github.com/rust-lang/crates.io-index"
checksum = "bdfa80d47f954d53a35a64987ca1422f495b8d6483c0fe9f7117b36c2a792129"
dependencies = [
 "ansi_term",
 "atty",
 "bitflags",
 "strsim",
 "textwrap",
 "unicode-width",
 "vec_map",
]

[[package]]
name = "const-random"
version = "0.1.8"
source = "registry+https://github.com/rust-lang/crates.io-index"
checksum = "2f1af9ac737b2dd2d577701e59fd09ba34822f6f2ebdb30a7647405d9e55e16a"
dependencies = [
 "const-random-macro",
 "proc-macro-hack",
]

[[package]]
name = "const-random-macro"
version = "0.1.8"
source = "registry+https://github.com/rust-lang/crates.io-index"
checksum = "25e4c606eb459dd29f7c57b2e0879f2b6f14ee130918c2b78ccb58a9624e6c7a"
dependencies = [
 "getrandom",
 "proc-macro-hack",
]

[[package]]
name = "dashmap"
version = "3.11.10"
source = "registry+https://github.com/rust-lang/crates.io-index"
checksum = "0f260e2fc850179ef410018660006951c1b55b79e8087e87111a2c388994b9b5"
dependencies = [
 "ahash",
 "cfg-if",
 "num_cpus",
]

[[package]]
name = "fnv"
version = "1.0.6"
source = "registry+https://github.com/rust-lang/crates.io-index"
checksum = "2fad85553e09a6f881f739c29f0b00b0f01357c743266d478b68951ce23285f3"

[[package]]
name = "fuchsia-zircon"
version = "0.3.3"
source = "registry+https://github.com/rust-lang/crates.io-index"
checksum = "2e9763c69ebaae630ba35f74888db465e49e259ba1bc0eda7d06f4a067615d82"
dependencies = [
 "bitflags",
 "fuchsia-zircon-sys",
]

[[package]]
name = "fuchsia-zircon-sys"
version = "0.3.3"
source = "registry+https://github.com/rust-lang/crates.io-index"
checksum = "3dcaa9ae7725d12cdb85b3ad99a434db70b468c09ded17e012d86b5c1010f7a7"

[[package]]
name = "futures"
version = "0.3.8"
source = "registry+https://github.com/rust-lang/crates.io-index"
checksum = "9b3b0c040a1fe6529d30b3c5944b280c7f0dcb2930d2c3062bca967b602583d0"
dependencies = [
 "futures-channel",
 "futures-core",
 "futures-executor",
 "futures-io",
 "futures-sink",
 "futures-task",
 "futures-util",
]

[[package]]
name = "futures-channel"
version = "0.3.8"
source = "registry+https://github.com/rust-lang/crates.io-index"
checksum = "4b7109687aa4e177ef6fe84553af6280ef2778bdb7783ba44c9dc3399110fe64"
dependencies = [
 "futures-core",
 "futures-sink",
]

[[package]]
name = "futures-core"
version = "0.3.8"
source = "registry+https://github.com/rust-lang/crates.io-index"
checksum = "847ce131b72ffb13b6109a221da9ad97a64cbe48feb1028356b836b47b8f1748"

[[package]]
name = "futures-executor"
version = "0.3.8"
source = "registry+https://github.com/rust-lang/crates.io-index"
checksum = "4caa2b2b68b880003057c1dd49f1ed937e38f22fcf6c212188a121f08cf40a65"
dependencies = [
 "futures-core",
 "futures-task",
 "futures-util",
]

[[package]]
name = "futures-io"
version = "0.3.8"
source = "registry+https://github.com/rust-lang/crates.io-index"
checksum = "611834ce18aaa1bd13c4b374f5d653e1027cf99b6b502584ff8c9a64413b30bb"

[[package]]
name = "futures-macro"
version = "0.3.8"
source = "registry+https://github.com/rust-lang/crates.io-index"
checksum = "77408a692f1f97bcc61dc001d752e00643408fbc922e4d634c655df50d595556"
dependencies = [
 "proc-macro-hack",
 "proc-macro2",
 "quote",
 "syn",
]

[[package]]
name = "futures-sink"
version = "0.3.8"
source = "registry+https://github.com/rust-lang/crates.io-index"
checksum = "f878195a49cee50e006b02b93cf7e0a95a38ac7b776b4c4d9cc1207cd20fcb3d"

[[package]]
name = "futures-task"
version = "0.3.8"
source = "registry+https://github.com/rust-lang/crates.io-index"
checksum = "7c554eb5bf48b2426c4771ab68c6b14468b6e76cc90996f528c3338d761a4d0d"
dependencies = [
 "once_cell",
]

[[package]]
name = "futures-util"
version = "0.3.8"
source = "registry+https://github.com/rust-lang/crates.io-index"
checksum = "d304cff4a7b99cfb7986f7d43fbe93d175e72e704a8860787cc95e9ffd85cbd2"
dependencies = [
 "futures-channel",
 "futures-core",
 "futures-io",
 "futures-macro",
 "futures-sink",
 "futures-task",
 "memchr",
 "pin-project 1.0.2",
 "pin-utils",
 "proc-macro-hack",
 "proc-macro-nested",
 "slab",
]

[[package]]
name = "getrandom"
version = "0.1.14"
source = "registry+https://github.com/rust-lang/crates.io-index"
checksum = "7abc8dd8451921606d809ba32e95b6111925cd2906060d2dcc29c070220503eb"
dependencies = [
 "cfg-if",
 "libc",
 "wasi",
]

[[package]]
name = "h2"
version = "0.2.6"
source = "registry+https://github.com/rust-lang/crates.io-index"
checksum = "993f9e0baeed60001cf565546b0d3dbe6a6ad23f2bd31644a133c641eccf6d53"
dependencies = [
 "bytes",
 "fnv",
 "futures-core",
 "futures-sink",
 "futures-util",
 "http",
 "indexmap",
 "slab",
 "tokio",
 "tokio-util",
 "tracing",
]

[[package]]
name = "hashbrown"
version = "0.8.2"
source = "registry+https://github.com/rust-lang/crates.io-index"
checksum = "e91b62f79061a0bc2e046024cb7ba44b08419ed238ecbd9adbd787434b9e8c25"
dependencies = [
 "autocfg",
]

[[package]]
name = "hermit-abi"
version = "0.1.11"
source = "registry+https://github.com/rust-lang/crates.io-index"
checksum = "8a0d737e0f947a1864e93d33fdef4af8445a00d1ed8dc0c8ddb73139ea6abf15"
dependencies = [
 "libc",
]

[[package]]
name = "http"
version = "0.2.1"
source = "registry+https://github.com/rust-lang/crates.io-index"
checksum = "28d569972648b2c512421b5f2a405ad6ac9666547189d0c5477a3f200f3e02f9"
dependencies = [
 "bytes",
 "fnv",
 "itoa",
]

[[package]]
name = "http-body"
version = "0.3.1"
source = "registry+https://github.com/rust-lang/crates.io-index"
checksum = "13d5ff830006f7646652e057693569bfe0d51760c0085a071769d142a205111b"
dependencies = [
 "bytes",
 "http",
]

[[package]]
name = "httparse"
version = "1.3.4"
source = "registry+https://github.com/rust-lang/crates.io-index"
checksum = "cd179ae861f0c2e53da70d892f5f3029f9594be0c41dc5269cd371691b1dc2f9"

[[package]]
name = "hyper"
version = "0.13.7"
source = "registry+https://github.com/rust-lang/crates.io-index"
checksum = "3e68a8dd9716185d9e64ea473ea6ef63529252e3e27623295a0378a19665d5eb"
dependencies = [
 "bytes",
 "futures-channel",
 "futures-core",
 "futures-util",
 "h2",
 "http",
 "http-body",
 "httparse",
 "itoa",
 "pin-project 0.4.23",
 "socket2",
 "time",
 "tokio",
 "tower-service",
 "tracing",
 "want",
]

[[package]]
name = "indexmap"
version = "1.5.1"
source = "registry+https://github.com/rust-lang/crates.io-index"
checksum = "86b45e59b16c76b11bf9738fd5d38879d3bd28ad292d7b313608becb17ae2df9"
dependencies = [
 "autocfg",
 "hashbrown",
]

[[package]]
name = "iovec"
version = "0.1.4"
source = "registry+https://github.com/rust-lang/crates.io-index"
checksum = "b2b3ea6ff95e175473f8ffe6a7eb7c00d054240321b84c57051175fe3c1e075e"
dependencies = [
 "libc",
]

[[package]]
name = "itoa"
version = "0.4.6"
source = "registry+https://github.com/rust-lang/crates.io-index"
checksum = "dc6f3ad7b9d11a0c00842ff8de1b60ee58661048eb8049ed33c73594f359d7e6"

[[package]]
name = "kernel32-sys"
version = "0.2.2"
source = "registry+https://github.com/rust-lang/crates.io-index"
checksum = "7507624b29483431c0ba2d82aece8ca6cdba9382bff4ddd0f7490560c056098d"
dependencies = [
 "winapi 0.2.8",
 "winapi-build",
]

[[package]]
name = "lazy_static"
version = "1.4.0"
source = "registry+https://github.com/rust-lang/crates.io-index"
checksum = "e2abad23fbc42b3700f2f279844dc832adb2b2eb069b2df918f455c4e18cc646"

[[package]]
name = "libc"
version = "0.2.69"
source = "registry+https://github.com/rust-lang/crates.io-index"
checksum = "99e85c08494b21a9054e7fe1374a732aeadaff3980b6990b94bfd3a70f690005"

[[package]]
name = "log"
version = "0.4.11"
source = "registry+https://github.com/rust-lang/crates.io-index"
checksum = "4fabed175da42fed1fa0746b0ea71f412aa9d35e76e95e59b192c64b9dc2bf8b"
dependencies = [
 "cfg-if",
]

[[package]]
name = "memchr"
version = "2.3.3"
source = "registry+https://github.com/rust-lang/crates.io-index"
checksum = "3728d817d99e5ac407411fa471ff9800a778d88a24685968b36824eaf4bee400"

[[package]]
name = "mio"
version = "0.6.22"
source = "registry+https://github.com/rust-lang/crates.io-index"
checksum = "fce347092656428bc8eaf6201042cb551b8d67855af7374542a92a0fbfcac430"
dependencies = [
 "cfg-if",
 "fuchsia-zircon",
 "fuchsia-zircon-sys",
 "iovec",
 "kernel32-sys",
 "libc",
 "log",
 "miow",
 "net2",
 "slab",
 "winapi 0.2.8",
]

[[package]]
name = "miow"
version = "0.2.1"
source = "registry+https://github.com/rust-lang/crates.io-index"
checksum = "8c1f2f3b1cf331de6896aabf6e9d55dca90356cc9960cca7eaaf408a355ae919"
dependencies = [
 "kernel32-sys",
 "net2",
 "winapi 0.2.8",
 "ws2_32-sys",
]

[[package]]
name = "net2"
version = "0.2.34"
source = "registry+https://github.com/rust-lang/crates.io-index"
checksum = "2ba7c918ac76704fb42afcbbb43891e72731f3dcca3bef2a19786297baf14af7"
dependencies = [
 "cfg-if",
 "libc",
 "winapi 0.3.8",
]

[[package]]
name = "num_cpus"
version = "1.13.0"
source = "registry+https://github.com/rust-lang/crates.io-index"
checksum = "05499f3756671c15885fee9034446956fff3f243d6077b91e5767df161f766b3"
dependencies = [
 "hermit-abi",
 "libc",
]

[[package]]
name = "once_cell"
version = "1.3.1"
source = "registry+https://github.com/rust-lang/crates.io-index"
checksum = "b1c601810575c99596d4afc46f78a678c80105117c379eb3650cf99b8a21ce5b"

[[package]]
name = "pin-project"
version = "0.4.23"
source = "registry+https://github.com/rust-lang/crates.io-index"
checksum = "ca4433fff2ae79342e497d9f8ee990d174071408f28f726d6d83af93e58e48aa"
dependencies = [
 "pin-project-internal 0.4.23",
]

[[package]]
name = "pin-project"
version = "1.0.2"
source = "registry+https://github.com/rust-lang/crates.io-index"
checksum = "9ccc2237c2c489783abd8c4c80e5450fc0e98644555b1364da68cc29aa151ca7"
dependencies = [
 "pin-project-internal 1.0.2",
]

[[package]]
name = "pin-project-internal"
version = "0.4.23"
source = "registry+https://github.com/rust-lang/crates.io-index"
checksum = "2c0e815c3ee9a031fdf5af21c10aa17c573c9c6a566328d99e3936c34e36461f"
dependencies = [
 "proc-macro2",
 "quote",
 "syn",
]

[[package]]
name = "pin-project-internal"
version = "1.0.2"
source = "registry+https://github.com/rust-lang/crates.io-index"
checksum = "f8e8d2bf0b23038a4424865103a4df472855692821aab4e4f5c3312d461d9e5f"
dependencies = [
 "proc-macro2",
 "quote",
 "syn",
]

[[package]]
name = "pin-project-lite"
version = "0.1.4"
source = "registry+https://github.com/rust-lang/crates.io-index"
checksum = "237844750cfbb86f67afe27eee600dfbbcb6188d734139b534cbfbf4f96792ae"

[[package]]
name = "pin-utils"
version = "0.1.0"
source = "registry+https://github.com/rust-lang/crates.io-index"
checksum = "8b870d8c151b6f2fb93e84a13146138f05d02ed11c7e7c54f8826aaaf7c9f184"

[[package]]
name = "ppv-lite86"
version = "0.2.8"
source = "registry+https://github.com/rust-lang/crates.io-index"
checksum = "237a5ed80e274dbc66f86bd59c1e25edc039660be53194b5fe0a482e0f2612ea"

[[package]]
name = "proc-macro-hack"
version = "0.5.19"
source = "registry+https://github.com/rust-lang/crates.io-index"
checksum = "dbf0c48bc1d91375ae5c3cd81e3722dff1abcf81a30960240640d223f59fe0e5"

[[package]]
name = "proc-macro-nested"
version = "0.1.4"
source = "registry+https://github.com/rust-lang/crates.io-index"
checksum = "8e946095f9d3ed29ec38de908c22f95d9ac008e424c7bcae54c75a79c527c694"

[[package]]
name = "proc-macro2"
version = "1.0.24"
source = "registry+https://github.com/rust-lang/crates.io-index"
checksum = "1e0704ee1a7e00d7bb417d0770ea303c1bccbabf0ef1667dae92b5967f5f8a71"
dependencies = [
 "unicode-xid",
]

[[package]]
name = "quote"
version = "1.0.4"
source = "registry+https://github.com/rust-lang/crates.io-index"
checksum = "4c1f4b0efa5fc5e8ceb705136bfee52cfdb6a4e3509f770b478cd6ed434232a7"
dependencies = [
 "proc-macro2",
]

[[package]]
name = "rand"
version = "0.7.3"
source = "registry+https://github.com/rust-lang/crates.io-index"
checksum = "6a6b1679d49b24bbfe0c803429aa1874472f50d9b363131f0e89fc356b544d03"
dependencies = [
 "getrandom",
 "libc",
 "rand_chacha",
 "rand_core",
 "rand_hc",
]

[[package]]
name = "rand_chacha"
version = "0.2.2"
source = "registry+https://github.com/rust-lang/crates.io-index"
checksum = "f4c8ed856279c9737206bf725bf36935d8666ead7aa69b52be55af369d193402"
dependencies = [
 "ppv-lite86",
 "rand_core",
]

[[package]]
name = "rand_core"
version = "0.5.1"
source = "registry+https://github.com/rust-lang/crates.io-index"
checksum = "90bde5296fc891b0cef12a6d03ddccc162ce7b2aff54160af9338f8d40df6d19"
dependencies = [
 "getrandom",
]

[[package]]
name = "rand_hc"
version = "0.2.0"
source = "registry+https://github.com/rust-lang/crates.io-index"
checksum = "ca3129af7b92a17112d59ad498c6f81eaf463253766b90396d39ea7a39d6613c"
dependencies = [
 "rand_core",
]

[[package]]
name = "redox_syscall"
version = "0.1.57"
source = "registry+https://github.com/rust-lang/crates.io-index"
checksum = "41cc0f7e4d5d4544e8861606a285bb08d3e70712ccc7d2b84d7c0ccfaf4b05ce"

[[package]]
name = "regex"
version = "1.3.9"
source = "registry+https://github.com/rust-lang/crates.io-index"
checksum = "9c3780fcf44b193bc4d09f36d2a3c87b251da4a046c87795a0d35f4f927ad8e6"
dependencies = [
 "aho-corasick",
 "memchr",
 "regex-syntax",
 "thread_local",
]

[[package]]
name = "regex-syntax"
version = "0.6.18"
source = "registry+https://github.com/rust-lang/crates.io-index"
checksum = "26412eb97c6b088a6997e05f69403a802a92d520de2f8e63c2b65f9e0f47c4e8"

[[package]]
name = "ryu"
version = "1.0.5"
source = "registry+https://github.com/rust-lang/crates.io-index"
checksum = "71d301d4193d031abdd79ff7e3dd721168a9572ef3fe51a1517aba235bd8f86e"

[[package]]
name = "serde"
version = "1.0.115"
source = "registry+https://github.com/rust-lang/crates.io-index"
checksum = "e54c9a88f2da7238af84b5101443f0c0d0a3bbdc455e34a5c9497b1903ed55d5"

[[package]]
name = "serde_json"
version = "1.0.57"
source = "registry+https://github.com/rust-lang/crates.io-index"
checksum = "164eacbdb13512ec2745fb09d51fd5b22b0d65ed294a1dcf7285a360c80a675c"
dependencies = [
 "itoa",
 "ryu",
 "serde",
]

[[package]]
name = "slab"
version = "0.4.2"
source = "registry+https://github.com/rust-lang/crates.io-index"
checksum = "c111b5bd5695e56cffe5129854aa230b39c93a305372fdbb2668ca2394eea9f8"

[[package]]
name = "socket2"
version = "0.3.12"
source = "registry+https://github.com/rust-lang/crates.io-index"
checksum = "03088793f677dce356f3ccc2edb1b314ad191ab702a5de3faf49304f7e104918"
dependencies = [
 "cfg-if",
 "libc",
 "redox_syscall",
 "winapi 0.3.8",
]

[[package]]
name = "strsim"
version = "0.8.0"
source = "registry+https://github.com/rust-lang/crates.io-index"
checksum = "8ea5119cdb4c55b55d432abb513a0429384878c15dde60cc77b1c99de1a95a6a"

[[package]]
name = "syn"
version = "1.0.54"
source = "registry+https://github.com/rust-lang/crates.io-index"
checksum = "9a2af957a63d6bd42255c359c93d9bfdb97076bd3b820897ce55ffbfbf107f44"
dependencies = [
 "proc-macro2",
 "quote",
 "unicode-xid",
]

[[package]]
name = "textwrap"
version = "0.11.0"
source = "registry+https://github.com/rust-lang/crates.io-index"
checksum = "d326610f408c7a4eb6f51c37c330e496b08506c9457c9d34287ecc38809fb060"
dependencies = [
 "unicode-width",
]

[[package]]
name = "thread_local"
version = "1.0.1"
source = "registry+https://github.com/rust-lang/crates.io-index"
checksum = "d40c6d1b69745a6ec6fb1ca717914848da4b44ae29d9b3080cbee91d72a69b14"
dependencies = [
 "lazy_static",
]

[[package]]
name = "time"
version = "0.1.43"
source = "registry+https://github.com/rust-lang/crates.io-index"
checksum = "ca8a50ef2360fbd1eeb0ecd46795a87a19024eb4b53c5dc916ca1fd95fe62438"
dependencies = [
 "libc",
 "winapi 0.3.8",
]

[[package]]
name = "tokio"
version = "0.2.19"
source = "registry+https://github.com/rust-lang/crates.io-index"
checksum = "7d9c43f1bb96970e153bcbae39a65e249ccb942bd9d36dbdf086024920417c9c"
dependencies = [
 "bytes",
 "fnv",
 "futures-core",
 "iovec",
 "lazy_static",
 "memchr",
 "mio",
 "num_cpus",
 "pin-project-lite",
 "slab",
 "tokio-macros",
]

[[package]]
name = "tokio-macros"
version = "0.2.5"
source = "registry+https://github.com/rust-lang/crates.io-index"
checksum = "f0c3acc6aa564495a0f2e1d59fab677cd7f81a19994cfc7f3ad0e64301560389"
dependencies = [
 "proc-macro2",
 "quote",
 "syn",
]

[[package]]
name = "tokio-util"
version = "0.3.1"
source = "registry+https://github.com/rust-lang/crates.io-index"
checksum = "be8242891f2b6cbef26a2d7e8605133c2c554cd35b3e4948ea892d6d68436499"
dependencies = [
 "bytes",
 "futures-core",
 "futures-sink",
 "log",
 "pin-project-lite",
 "tokio",
]

[[package]]
name = "tower-service"
version = "0.3.0"
source = "registry+https://github.com/rust-lang/crates.io-index"
checksum = "e987b6bf443f4b5b3b6f38704195592cca41c5bb7aedd3c3693c7081f8289860"

[[package]]
name = "tracing"
version = "0.1.19"
source = "registry+https://github.com/rust-lang/crates.io-index"
checksum = "6d79ca061b032d6ce30c660fded31189ca0b9922bf483cd70759f13a2d86786c"
dependencies = [
 "cfg-if",
 "log",
 "tracing-core",
]

[[package]]
name = "tracing-core"
version = "0.1.14"
source = "registry+https://github.com/rust-lang/crates.io-index"
checksum = "db63662723c316b43ca36d833707cc93dff82a02ba3d7e354f342682cc8b3545"
dependencies = [
 "lazy_static",
]

[[package]]
name = "try-lock"
version = "0.2.3"
source = "registry+https://github.com/rust-lang/crates.io-index"
checksum = "59547bce71d9c38b83d9c0e92b6066c4253371f15005def0c30d9657f50c7642"

[[package]]
name = "twox-hash"
version = "1.5.0"
source = "registry+https://github.com/rust-lang/crates.io-index"
checksum = "3bfd5b7557925ce778ff9b9ef90e3ade34c524b5ff10e239c69a42d546d2af56"
dependencies = [
 "rand",
]

[[package]]
name = "unicode-width"
version = "0.1.7"
source = "registry+https://github.com/rust-lang/crates.io-index"
checksum = "caaa9d531767d1ff2150b9332433f32a24622147e5ebb1f26409d5da67afd479"

[[package]]
name = "unicode-xid"
version = "0.2.0"
source = "registry+https://github.com/rust-lang/crates.io-index"
checksum = "826e7639553986605ec5979c7dd957c7895e93eabed50ab2ffa7f6128a75097c"

[[package]]
name = "vec_map"
version = "0.8.1"
source = "registry+https://github.com/rust-lang/crates.io-index"
checksum = "05c78687fb1a80548ae3250346c3db86a80a7cdd77bda190189f2d0a0987c81a"

[[package]]
name = "want"
version = "0.3.0"
source = "registry+https://github.com/rust-lang/crates.io-index"
checksum = "1ce8a968cb1cd110d136ff8b819a556d6fb6d919363c61534f6860c7eb172ba0"
dependencies = [
 "log",
 "try-lock",
]

[[package]]
name = "wasi"
version = "0.9.0+wasi-snapshot-preview1"
source = "registry+https://github.com/rust-lang/crates.io-index"
checksum = "cccddf32554fecc6acb585f82a32a72e28b48f8c4c1883ddfeeeaa96f7d8e519"

[[package]]
name = "winapi"
version = "0.2.8"
source = "registry+https://github.com/rust-lang/crates.io-index"
checksum = "167dc9d6949a9b857f3451275e911c3f44255842c1f7a76f33c55103a909087a"

[[package]]
name = "winapi"
version = "0.3.8"
source = "registry+https://github.com/rust-lang/crates.io-index"
checksum = "8093091eeb260906a183e6ae1abdba2ef5ef2257a21801128899c3fc699229c6"
dependencies = [
 "winapi-i686-pc-windows-gnu",
 "winapi-x86_64-pc-windows-gnu",
]

[[package]]
name = "winapi-build"
version = "0.1.1"
source = "registry+https://github.com/rust-lang/crates.io-index"
checksum = "2d315eee3b34aca4797b2da6b13ed88266e6d612562a0c46390af8299fc699bc"

[[package]]
name = "winapi-i686-pc-windows-gnu"
version = "0.4.0"
source = "registry+https://github.com/rust-lang/crates.io-index"
checksum = "ac3b87c63620426dd9b991e5ce0329eff545bccbbb34f3be09ff6fb6ab51b7b6"

[[package]]
name = "winapi-x86_64-pc-windows-gnu"
version = "0.4.0"
source = "registry+https://github.com/rust-lang/crates.io-index"
checksum = "712e227841d057c1ee1cd2fb22fa7e5a5461ae8e48fa2ca79ec42cfc1931183f"

[[package]]
name = "ws2_32-sys"
version = "0.2.1"
source = "registry+https://github.com/rust-lang/crates.io-index"
checksum = "d59cefebd0c892fa2dd6de581e937301d8552cb44489cdff035c6187cb63fa5e"
dependencies = [
 "winapi 0.2.8",
 "winapi-build",
]
